
Microsoft Visual Studio Solution File, Format Version 12.00
# Visual Studio Version 17
VisualStudioVersion = 17.3.32819.101
MinimumVisualStudioVersion = 10.0.40219.1
Project("{9A19103F-16F7-4668-BE54-9A1E7A4F7556}") = "HarmonicGenerator", "HarmonicGenerator\HarmonicGenerator.csproj", "{024D7504-6FFA-4811-8D99-C7D044BFCA2F}"
EndProject
Project("{2150E333-8FDC-42A3-9474-1A3956D46DE8}") = "Solution Items", "Solution Items", "{8FB320E1-5D3E-4C72-B97B-DF8B586853D5}"
	ProjectSection(SolutionItems) = preProject
		Directory.Build.props = Directory.Build.props
		Directory.Build.targets = Directory.Build.targets
		nuget.config = nuget.config
		README.md = README.md
	EndProjectSection
EndProject
Global
	GlobalSection(SolutionConfigurationPlatforms) = preSolution
		Debug|Any CPU = Debug|Any CPU
		Release|Any CPU = Release|Any CPU
	EndGlobalSection
	GlobalSection(ProjectConfigurationPlatforms) = postSolution
		{024D7504-6FFA-4811-8D99-C7D044BFCA2F}.Debug|Any CPU.ActiveCfg = Debug|Any CPU
		{024D7504-6FFA-4811-8D99-C7D044BFCA2F}.Debug|Any CPU.Build.0 = Debug|Any CPU
		{024D7504-6FFA-4811-8D99-C7D044BFCA2F}.Release|Any CPU.ActiveCfg = Release|Any CPU
		{024D7504-6FFA-4811-8D99-C7D044BFCA2F}.Release|Any CPU.Build.0 = Release|Any CPU
	EndGlobalSection
	GlobalSection(SolutionProperties) = preSolution
		HideSolutionNode = FALSE
	EndGlobalSection
	GlobalSection(ExtensibilityGlobals) = postSolution
		SolutionGuid = {C8394AA1-450E-4BC9-A81D-BF5FD35D386E}
	EndGlobalSection
EndGlobal
